
Microsoft Visual Studio Solution File, Format Version 12.00
# Visual Studio for Mac
Project("{FAE04EC0-301F-11D3-BF4B-00C04F79EFBC}") = "Assembly-CSharp", "Assembly-CSharp.csproj", "{70395758-E791-357F-4C71-AC872FD24BEE}"
EndProject
Project("{FAE04EC0-301F-11D3-BF4B-00C04F79EFBC}") = "Unity.2D.Tilemap.Extras", "Unity.2D.Tilemap.Extras.csproj", "{A7DDC564-7168-88D2-F9F5-95E2A8C69B5A}"
EndProject
Project("{FAE04EC0-301F-11D3-BF4B-00C04F79EFBC}") = "Unity.2D.Tilemap.Extras.Editor", "Unity.2D.Tilemap.Extras.Editor.csproj", "{079118F6-F017-8DB9-C3DA-A0A542E67B65}"
EndProject
Global
	GlobalSection(SolutionConfigurationPlatforms) = preSolution
		Debug|Any CPU = Debug|Any CPU
		Release|Any CPU = Release|Any CPU
	EndGlobalSection
	GlobalSection(ProjectConfigurationPlatforms) = postSolution
		{70395758-E791-357F-4C71-AC872FD24BEE}.Debug|Any CPU.ActiveCfg = Debug|Any CPU
		{70395758-E791-357F-4C71-AC872FD24BEE}.Debug|Any CPU.Build.0 = Debug|Any CPU
		{70395758-E791-357F-4C71-AC872FD24BEE}.Release|Any CPU.ActiveCfg = Release|Any CPU
		{70395758-E791-357F-4C71-AC872FD24BEE}.Release|Any CPU.Build.0 = Release|Any CPU
		{A7DDC564-7168-88D2-F9F5-95E2A8C69B5A}.Debug|Any CPU.ActiveCfg = Debug|Any CPU
		{A7DDC564-7168-88D2-F9F5-95E2A8C69B5A}.Debug|Any CPU.Build.0 = Debug|Any CPU
		{A7DDC564-7168-88D2-F9F5-95E2A8C69B5A}.Release|Any CPU.ActiveCfg = Release|Any CPU
		{A7DDC564-7168-88D2-F9F5-95E2A8C69B5A}.Release|Any CPU.Build.0 = Release|Any CPU
		{079118F6-F017-8DB9-C3DA-A0A542E67B65}.Debug|Any CPU.ActiveCfg = Debug|Any CPU
		{079118F6-F017-8DB9-C3DA-A0A542E67B65}.Debug|Any CPU.Build.0 = Debug|Any CPU
		{079118F6-F017-8DB9-C3DA-A0A542E67B65}.Release|Any CPU.ActiveCfg = Release|Any CPU
		{079118F6-F017-8DB9-C3DA-A0A542E67B65}.Release|Any CPU.Build.0 = Release|Any CPU
	EndGlobalSection
	GlobalSection(SolutionProperties) = preSolution
		HideSolutionNode = FALSE
	EndGlobalSection
EndGlobal
